
Microsoft Visual Studio Solution File, Format Version 12.00
# Visual Studio Version 17
VisualStudioVersion = 17.1.32228.430
MinimumVisualStudioVersion = 10.0.40219.1
Project("{8BC9CEB8-8B4A-11D0-8D11-00A0C91BC942}") = "Bai01", "Bai01\Bai01.vcxproj", "{AD922706-3317-4B0D-B195-7F9DFAFA2BD9}"
EndProject
Project("{8BC9CEB8-8B4A-11D0-8D11-00A0C91BC942}") = "Bai02", "..\Bai02\Bai02.vcxproj", "{356FF0B3-A329-4A2A-AE4D-D195F1B155C4}"
EndProject
Global
	GlobalSection(SolutionConfigurationPlatforms) = preSolution
		Debug|x64 = Debug|x64
		Debug|x86 = Debug|x86
		Release|x64 = Release|x64
		Release|x86 = Release|x86
	EndGlobalSection
	GlobalSection(ProjectConfigurationPlatforms) = postSolution
		{AD922706-3317-4B0D-B195-7F9DFAFA2BD9}.Debug|x64.ActiveCfg = Debug|x64
		{AD922706-3317-4B0D-B195-7F9DFAFA2BD9}.Debug|x64.Build.0 = Debug|x64
		{AD922706-3317-4B0D-B195-7F9DFAFA2BD9}.Debug|x86.ActiveCfg = Debug|Win32
		{AD922706-3317-4B0D-B195-7F9DFAFA2BD9}.Debug|x86.Build.0 = Debug|Win32
		{AD922706-3317-4B0D-B195-7F9DFAFA2BD9}.Release|x64.ActiveCfg = Release|x64
		{AD922706-3317-4B0D-B195-7F9DFAFA2BD9}.Release|x64.Build.0 = Release|x64
		{AD922706-3317-4B0D-B195-7F9DFAFA2BD9}.Release|x86.ActiveCfg = Release|Win32
		{AD922706-3317-4B0D-B195-7F9DFAFA2BD9}.Release|x86.Build.0 = Release|Win32
		{356FF0B3-A329-4A2A-AE4D-D195F1B155C4}.Debug|x64.ActiveCfg = Debug|x64
		{356FF0B3-A329-4A2A-AE4D-D195F1B155C4}.Debug|x64.Build.0 = Debug|x64
		{356FF0B3-A329-4A2A-AE4D-D195F1B155C4}.Debug|x86.ActiveCfg = Debug|Win32
		{356FF0B3-A329-4A2A-AE4D-D195F1B155C4}.Debug|x86.Build.0 = Debug|Win32
		{356FF0B3-A329-4A2A-AE4D-D195F1B155C4}.Release|x64.ActiveCfg = Release|x64
		{356FF0B3-A329-4A2A-AE4D-D195F1B155C4}.Release|x64.Build.0 = Release|x64
		{356FF0B3-A329-4A2A-AE4D-D195F1B155C4}.Release|x86.ActiveCfg = Release|Win32
		{356FF0B3-A329-4A2A-AE4D-D195F1B155C4}.Release|x86.Build.0 = Release|Win32
	EndGlobalSection
	GlobalSection(SolutionProperties) = preSolution
		HideSolutionNode = FALSE
	EndGlobalSection
	GlobalSection(ExtensibilityGlobals) = postSolution
		SolutionGuid = {799D694F-519E-4117-9D54-728E30118EC2}
	EndGlobalSection
EndGlobal
